
Microsoft Visual Studio Solution File, Format Version 12.00
# Visual Studio Version 16
VisualStudioVersion = 16.0.30114.105
MinimumVisualStudioVersion = 10.0.40219.1
Project("{FAE04EC0-301F-11D3-BF4B-00C04F79EFBC}") = "XpressTest", "Code\XpressTest\XpressTest.csproj", "{5F1E4DE1-751F-437B-BE5D-B60A74DED077}"
EndProject
Project("{FAE04EC0-301F-11D3-BF4B-00C04F79EFBC}") = "XpressTest.Examples", "Code\XpressTest.Examples\XpressTest.Examples.csproj", "{BF4C3381-7E14-4426-A3D7-F4B255295FC4}"
EndProject
Project("{FAE04EC0-301F-11D3-BF4B-00C04F79EFBC}") = "XpressTest.Testing.UnitTests", "Code\XpressTest.Testing.UnitTests\XpressTest.Testing.UnitTests.csproj", "{DBE878B3-6C27-43A7-807F-32D4C79BAB85}"
EndProject
Global
	GlobalSection(SolutionConfigurationPlatforms) = preSolution
		Debug|Any CPU = Debug|Any CPU
		Release|Any CPU = Release|Any CPU
	EndGlobalSection
	GlobalSection(SolutionProperties) = preSolution
		HideSolutionNode = FALSE
	EndGlobalSection
	GlobalSection(ProjectConfigurationPlatforms) = postSolution
		{5F1E4DE1-751F-437B-BE5D-B60A74DED077}.Debug|Any CPU.ActiveCfg = Debug|Any CPU
		{5F1E4DE1-751F-437B-BE5D-B60A74DED077}.Debug|Any CPU.Build.0 = Debug|Any CPU
		{5F1E4DE1-751F-437B-BE5D-B60A74DED077}.Release|Any CPU.ActiveCfg = Release|Any CPU
		{5F1E4DE1-751F-437B-BE5D-B60A74DED077}.Release|Any CPU.Build.0 = Release|Any CPU
		{BF4C3381-7E14-4426-A3D7-F4B255295FC4}.Debug|Any CPU.ActiveCfg = Debug|Any CPU
		{BF4C3381-7E14-4426-A3D7-F4B255295FC4}.Debug|Any CPU.Build.0 = Debug|Any CPU
		{BF4C3381-7E14-4426-A3D7-F4B255295FC4}.Release|Any CPU.ActiveCfg = Release|Any CPU
		{BF4C3381-7E14-4426-A3D7-F4B255295FC4}.Release|Any CPU.Build.0 = Release|Any CPU
		{DBE878B3-6C27-43A7-807F-32D4C79BAB85}.Debug|Any CPU.ActiveCfg = Debug|Any CPU
		{DBE878B3-6C27-43A7-807F-32D4C79BAB85}.Debug|Any CPU.Build.0 = Debug|Any CPU
		{DBE878B3-6C27-43A7-807F-32D4C79BAB85}.Release|Any CPU.ActiveCfg = Release|Any CPU
		{DBE878B3-6C27-43A7-807F-32D4C79BAB85}.Release|Any CPU.Build.0 = Release|Any CPU
	EndGlobalSection
EndGlobal
